
Microsoft Visual Studio Solution File, Format Version 12.00
# Visual Studio Version 17
VisualStudioVersion = 17.13.35931.197 d17.13
MinimumVisualStudioVersion = 10.0.40219.1
Project("{FAE04EC0-301F-11D3-BF4B-00C04F79EFBC}") = "AppMovil", "AppMovil\AppMovil.csproj", "{CF30E40E-2415-489B-B171-EF76D7CEFC34}"
EndProject
Global
	GlobalSection(SolutionConfigurationPlatforms) = preSolution
		Debug|Any CPU = Debug|Any CPU
		Release|Any CPU = Release|Any CPU
	EndGlobalSection
	GlobalSection(ProjectConfigurationPlatforms) = postSolution
		{CF30E40E-2415-489B-B171-EF76D7CEFC34}.Debug|Any CPU.ActiveCfg = Debug|Any CPU
		{CF30E40E-2415-489B-B171-EF76D7CEFC34}.Debug|Any CPU.Build.0 = Debug|Any CPU
		{CF30E40E-2415-489B-B171-EF76D7CEFC34}.Debug|Any CPU.Deploy.0 = Debug|Any CPU
		{CF30E40E-2415-489B-B171-EF76D7CEFC34}.Release|Any CPU.ActiveCfg = Release|Any CPU
		{CF30E40E-2415-489B-B171-EF76D7CEFC34}.Release|Any CPU.Build.0 = Release|Any CPU
		{CF30E40E-2415-489B-B171-EF76D7CEFC34}.Release|Any CPU.Deploy.0 = Release|Any CPU
	EndGlobalSection
	GlobalSection(SolutionProperties) = preSolution
		HideSolutionNode = FALSE
	EndGlobalSection
	GlobalSection(ExtensibilityGlobals) = postSolution
		SolutionGuid = {4C727DFA-86BA-4104-969A-684404B32CE8}
	EndGlobalSection
EndGlobal
