
Microsoft Visual Studio Solution File, Format Version 12.00
# Visual Studio Version 17
VisualStudioVersion = 17.13.35931.197
MinimumVisualStudioVersion = 10.0.40219.1
Project("{FAE04EC0-301F-11D3-BF4B-00C04F79EFBC}") = "Service", "Service\Service.csproj", "{F6140025-2AD5-4336-83D7-FBDAA05461B8}"
EndProject
Project("{FAE04EC0-301F-11D3-BF4B-00C04F79EFBC}") = "Backend", "Backend\Backend.csproj", "{30C5C9B3-E622-425A-81C1-9AE37EE6730E}"
EndProject
Project("{FAE04EC0-301F-11D3-BF4B-00C04F79EFBC}") = "Desktop", "Desktop\Desktop.csproj", "{BA0C9FEC-F652-4BE5-9B43-95B796E63E7D}"
EndProject
Project("{2150E333-8FDC-42A3-9474-1A3956D46DE8}") = "Elementos de la solución", "Elementos de la solución", "{D107F4C8-89CC-BEA8-D3D7-CA6B7733353D}"
	ProjectSection(SolutionItems) = preProject
		.gitignore = .gitignore
	EndProjectSection
EndProject
Project("{FAE04EC0-301F-11D3-BF4B-00C04F79EFBC}") = "WebServer", "WebServer\WebServer.csproj", "{991CAFEF-07BD-4278-BBEB-DCA4C1E204BC}"
EndProject
Project("{FAE04EC0-301F-11D3-BF4B-00C04F79EFBC}") = "WebAssembly", "WebAssembly\WebAssembly.csproj", "{6BFA58F9-935C-A768-C5FE-BB98B9B11711}"
EndProject
Project("{FAE04EC0-301F-11D3-BF4B-00C04F79EFBC}") = "AppMovil", "AppMovilMaui\AppMovil.csproj", "{9E36D5DE-F8CD-435F-B880-EFA033F835B3}"
EndProject
Global
	GlobalSection(SolutionConfigurationPlatforms) = preSolution
		Debug|Any CPU = Debug|Any CPU
		Release|Any CPU = Release|Any CPU
	EndGlobalSection
	GlobalSection(ProjectConfigurationPlatforms) = postSolution
		{F6140025-2AD5-4336-83D7-FBDAA05461B8}.Debug|Any CPU.ActiveCfg = Debug|Any CPU
		{F6140025-2AD5-4336-83D7-FBDAA05461B8}.Debug|Any CPU.Build.0 = Debug|Any CPU
		{F6140025-2AD5-4336-83D7-FBDAA05461B8}.Release|Any CPU.ActiveCfg = Release|Any CPU
		{F6140025-2AD5-4336-83D7-FBDAA05461B8}.Release|Any CPU.Build.0 = Release|Any CPU
		{30C5C9B3-E622-425A-81C1-9AE37EE6730E}.Debug|Any CPU.ActiveCfg = Debug|Any CPU
		{30C5C9B3-E622-425A-81C1-9AE37EE6730E}.Debug|Any CPU.Build.0 = Debug|Any CPU
		{30C5C9B3-E622-425A-81C1-9AE37EE6730E}.Release|Any CPU.ActiveCfg = Release|Any CPU
		{30C5C9B3-E622-425A-81C1-9AE37EE6730E}.Release|Any CPU.Build.0 = Release|Any CPU
		{BA0C9FEC-F652-4BE5-9B43-95B796E63E7D}.Debug|Any CPU.ActiveCfg = Debug|Any CPU
		{BA0C9FEC-F652-4BE5-9B43-95B796E63E7D}.Debug|Any CPU.Build.0 = Debug|Any CPU
		{BA0C9FEC-F652-4BE5-9B43-95B796E63E7D}.Release|Any CPU.ActiveCfg = Release|Any CPU
		{BA0C9FEC-F652-4BE5-9B43-95B796E63E7D}.Release|Any CPU.Build.0 = Release|Any CPU
		{991CAFEF-07BD-4278-BBEB-DCA4C1E204BC}.Debug|Any CPU.ActiveCfg = Debug|Any CPU
		{991CAFEF-07BD-4278-BBEB-DCA4C1E204BC}.Debug|Any CPU.Build.0 = Debug|Any CPU
		{991CAFEF-07BD-4278-BBEB-DCA4C1E204BC}.Release|Any CPU.ActiveCfg = Release|Any CPU
		{991CAFEF-07BD-4278-BBEB-DCA4C1E204BC}.Release|Any CPU.Build.0 = Release|Any CPU
		{6BFA58F9-935C-A768-C5FE-BB98B9B11711}.Debug|Any CPU.ActiveCfg = Debug|Any CPU
		{6BFA58F9-935C-A768-C5FE-BB98B9B11711}.Debug|Any CPU.Build.0 = Debug|Any CPU
		{6BFA58F9-935C-A768-C5FE-BB98B9B11711}.Release|Any CPU.ActiveCfg = Release|Any CPU
		{6BFA58F9-935C-A768-C5FE-BB98B9B11711}.Release|Any CPU.Build.0 = Release|Any CPU
		{9E36D5DE-F8CD-435F-B880-EFA033F835B3}.Debug|Any CPU.ActiveCfg = Debug|Any CPU
		{9E36D5DE-F8CD-435F-B880-EFA033F835B3}.Debug|Any CPU.Build.0 = Debug|Any CPU
		{9E36D5DE-F8CD-435F-B880-EFA033F835B3}.Debug|Any CPU.Deploy.0 = Debug|Any CPU
		{9E36D5DE-F8CD-435F-B880-EFA033F835B3}.Release|Any CPU.ActiveCfg = Release|Any CPU
		{9E36D5DE-F8CD-435F-B880-EFA033F835B3}.Release|Any CPU.Build.0 = Release|Any CPU
		{9E36D5DE-F8CD-435F-B880-EFA033F835B3}.Release|Any CPU.Deploy.0 = Release|Any CPU
	EndGlobalSection
	GlobalSection(SolutionProperties) = preSolution
		HideSolutionNode = FALSE
	EndGlobalSection
	GlobalSection(ExtensibilityGlobals) = postSolution
		SolutionGuid = {4C727DFA-86BA-4104-969A-684404B32CE8}
	EndGlobalSection
EndGlobal
